
Microsoft Visual Studio Solution File, Format Version 12.00
# Visual Studio Version 17
VisualStudioVersion = 17.10.35027.167
MinimumVisualStudioVersion = 10.0.40219.1
Project("{FAE04EC0-301F-11D3-BF4B-00C04F79EFBC}") = "WebSellDH_BlazorApp", "WebSellDH_BlazorApp\WebSellDH_BlazorApp\WebSellDH_BlazorApp.csproj", "{D9A31872-8266-4C9F-A0FB-84F1676618BE}"
EndProject
Project("{FAE04EC0-301F-11D3-BF4B-00C04F79EFBC}") = "WebSellDH_BlazorApp.Client", "WebSellDH_BlazorApp\WebSellDH_BlazorApp.Client\WebSellDH_BlazorApp.Client.csproj", "{57024E70-F0C6-43C5-B1C6-55A458086A49}"
EndProject
Global
	GlobalSection(SolutionConfigurationPlatforms) = preSolution
		Debug|Any CPU = Debug|Any CPU
		Release|Any CPU = Release|Any CPU
	EndGlobalSection
	GlobalSection(ProjectConfigurationPlatforms) = postSolution
		{D9A31872-8266-4C9F-A0FB-84F1676618BE}.Debug|Any CPU.ActiveCfg = Debug|Any CPU
		{D9A31872-8266-4C9F-A0FB-84F1676618BE}.Debug|Any CPU.Build.0 = Debug|Any CPU
		{D9A31872-8266-4C9F-A0FB-84F1676618BE}.Release|Any CPU.ActiveCfg = Release|Any CPU
		{D9A31872-8266-4C9F-A0FB-84F1676618BE}.Release|Any CPU.Build.0 = Release|Any CPU
		{57024E70-F0C6-43C5-B1C6-55A458086A49}.Debug|Any CPU.ActiveCfg = Debug|Any CPU
		{57024E70-F0C6-43C5-B1C6-55A458086A49}.Debug|Any CPU.Build.0 = Debug|Any CPU
		{57024E70-F0C6-43C5-B1C6-55A458086A49}.Release|Any CPU.ActiveCfg = Release|Any CPU
		{57024E70-F0C6-43C5-B1C6-55A458086A49}.Release|Any CPU.Build.0 = Release|Any CPU
	EndGlobalSection
	GlobalSection(SolutionProperties) = preSolution
		HideSolutionNode = FALSE
	EndGlobalSection
	GlobalSection(ExtensibilityGlobals) = postSolution
		SolutionGuid = {2195D045-A027-418C-9604-96D7BEA9B623}
	EndGlobalSection
EndGlobal
